
Microsoft Visual Studio Solution File, Format Version 12.00
# Visual Studio Version 16
VisualStudioVersion = 16.0.28922.388
MinimumVisualStudioVersion = 10.0.40219.1
Project("{FAE04EC0-301F-11D3-BF4B-00C04F79EFBC}") = "RCL.Spike.Editor", "RCL.Spike.Editor\RCL.Spike.Editor.csproj", "{71A26396-C8C5-4270-8B69-4E6440D45B41}"
EndProject
Project("{FAE04EC0-301F-11D3-BF4B-00C04F79EFBC}") = "RCL.Spike.Host", "RCL.Spike.Host\RCL.Spike.Host.csproj", "{8163F29F-77B1-468C-A210-04E6565110D5}"
EndProject
Global
	GlobalSection(SolutionConfigurationPlatforms) = preSolution
		Debug|Any CPU = Debug|Any CPU
		Release|Any CPU = Release|Any CPU
	EndGlobalSection
	GlobalSection(ProjectConfigurationPlatforms) = postSolution
		{71A26396-C8C5-4270-8B69-4E6440D45B41}.Debug|Any CPU.ActiveCfg = Debug|Any CPU
		{71A26396-C8C5-4270-8B69-4E6440D45B41}.Debug|Any CPU.Build.0 = Debug|Any CPU
		{71A26396-C8C5-4270-8B69-4E6440D45B41}.Release|Any CPU.ActiveCfg = Release|Any CPU
		{71A26396-C8C5-4270-8B69-4E6440D45B41}.Release|Any CPU.Build.0 = Release|Any CPU
		{8163F29F-77B1-468C-A210-04E6565110D5}.Debug|Any CPU.ActiveCfg = Debug|Any CPU
		{8163F29F-77B1-468C-A210-04E6565110D5}.Debug|Any CPU.Build.0 = Debug|Any CPU
		{8163F29F-77B1-468C-A210-04E6565110D5}.Release|Any CPU.ActiveCfg = Release|Any CPU
		{8163F29F-77B1-468C-A210-04E6565110D5}.Release|Any CPU.Build.0 = Release|Any CPU
	EndGlobalSection
	GlobalSection(SolutionProperties) = preSolution
		HideSolutionNode = FALSE
	EndGlobalSection
	GlobalSection(ExtensibilityGlobals) = postSolution
		SolutionGuid = {A7EC60BE-5A14-4A44-9FB1-AEC1437BBD95}
	EndGlobalSection
EndGlobal
